PODS:
  - ParticleRealm (0.1.0):
    - Realm
  - Realm (2.1.1):
    - Realm/Headers (= 2.1.1)
  - Realm/Headers (2.1.1)

DEPENDENCIES:
  - ParticleRealm (from `../`)

EXTERNAL SOURCES:
  ParticleRealm:
    :path: ../

SPEC CHECKSUMS:
  ParticleRealm: 039a6408707b818b3edfc5310401ce6ab4e7df36
  Realm: a55959c0b171a5fe5267406d17f314fec3cefaae

PODFILE CHECKSUM: e51e14261ae57e32a57c4fde7d02e13a07ab0686

COCOAPODS: 1.1.1
